
Microsoft Visual Studio Solution File, Format Version 12.00
# Visual Studio 15
VisualStudioVersion = 15.0.27130.2036
MinimumVisualStudioVersion = 10.0.40219.1
Project("{FAE04EC0-301F-11D3-BF4B-00C04F79EFBC}") = "api", "api\api.csproj", "{BD38E8C2-3861-4AFA-8F6D-FC236E89B8FD}"
EndProject
Project("{FAE04EC0-301F-11D3-BF4B-00C04F79EFBC}") = "client", "client\client.csproj", "{9B6D66CF-AC37-4586-9C70-5FB0285A2BEC}"
EndProject
Global
	GlobalSection(SolutionConfigurationPlatforms) = preSolution
		Debug|Any CPU = Debug|Any CPU
		Release|Any CPU = Release|Any CPU
	EndGlobalSection
	GlobalSection(ProjectConfigurationPlatforms) = postSolution
		{BD38E8C2-3861-4AFA-8F6D-FC236E89B8FD}.Debug|Any CPU.ActiveCfg = Debug|Any CPU
		{BD38E8C2-3861-4AFA-8F6D-FC236E89B8FD}.Debug|Any CPU.Build.0 = Debug|Any CPU
		{BD38E8C2-3861-4AFA-8F6D-FC236E89B8FD}.Release|Any CPU.ActiveCfg = Release|Any CPU
		{BD38E8C2-3861-4AFA-8F6D-FC236E89B8FD}.Release|Any CPU.Build.0 = Release|Any CPU
		{9B6D66CF-AC37-4586-9C70-5FB0285A2BEC}.Debug|Any CPU.ActiveCfg = Debug|Any CPU
		{9B6D66CF-AC37-4586-9C70-5FB0285A2BEC}.Debug|Any CPU.Build.0 = Debug|Any CPU
		{9B6D66CF-AC37-4586-9C70-5FB0285A2BEC}.Release|Any CPU.ActiveCfg = Release|Any CPU
		{9B6D66CF-AC37-4586-9C70-5FB0285A2BEC}.Release|Any CPU.Build.0 = Release|Any CPU
	EndGlobalSection
	GlobalSection(SolutionProperties) = preSolution
		HideSolutionNode = FALSE
	EndGlobalSection
	GlobalSection(ExtensibilityGlobals) = postSolution
		SolutionGuid = {692AD520-DF3C-4F66-BD4A-864D6F6E6CC3}
	EndGlobalSection
EndGlobal
